// !$*UTF8*$!
{
	archiveVersion = 1;
	classes = {
	};
	objectVersion = 46;
	objects = {

/* Begin PBXBuildFile section */
		EB34A9161EA9F58C001E86C5 /* main.c in Sources */ = {isa = PBXBuildFile; fileRef = EB34A9151EA9F58C001E86C5 /* main.c */; };
		EB34A9321EA9F889001E86C5 /* uxerror.c in Sources */ = {isa = PBXBuildFile; fileRef = EB34A9311EA9F889001E86C5 /* uxerror.c */; };
/* End PBXBuildFile section */

/* Begin PBXCopyFilesBuildPhase section */
		EB34A9101EA9F58C001E86C5 /* CopyFiles */ = {
			isa = PBXCopyFilesBuildPhase;
			buildActionMask = 2147483647;
			dstPath = /usr/share/man/man1/;
			dstSubfolderSpec = 0;
			files = (
			);
			runOnlyForDeploymentPostprocessing = 1;
		};
/* End PBXCopyFilesBuildPhase section */

/* Begin PBXFileReference section */
		EB34A9121EA9F58C001E86C5 /* SocketClientDemo */ = {isa = PBXFileReference; explicitFileType = "compiled.mach-o.executable"; includeInIndex = 0; path = SocketClientDemo; sourceTree = BUILT_PRODUCTS_DIR; };
		EB34A9151EA9F58C001E86C5 /* main.c */ = {isa = PBXFileReference; lastKnownFileType = sourcecode.c.c; path = main.c; sourceTree = "<group>"; };
		EB34A9311EA9F889001E86C5 /* uxerror.c */ = {isa = PBXFileReference; fileEncoding = 4; lastKnownFileType = sourcecode.c.c; path = uxerror.c; sourceTree = "<group>"; };
		EB34A9341EA9F8A5001E86C5 /* uxerror.h */ = {isa = PBXFileReference; lastKnownFileType = sourcecode.c.h; path = uxerror.h; sourceTree = "<group>"; };
/* End PBXFileReference section */

/* Begin PBXFrameworksBuildPhase section */
		EB34A90F1EA9F58C001E86C5 /* Frameworks */ = {
			isa = PBXFrameworksBuildPhase;
			buildActionMask = 2147483647;
			files = (
			);
			runOnlyForDeploymentPostprocessing = 0;
		};
/* End PBXFrameworksBuildPhase section */

/* Begin PBXGroup section */
		EB34A9091EA9F58C001E86C5 = {
			isa = PBXGroup;
			children = (
				EB34A9141EA9F58C001E86C5 /* SocketClientDemo */,
				EB34A9131EA9F58C001E86C5 /* Products */,
			);
			sourceTree = "<group>";
		};
		EB34A9131EA9F58C001E86C5 /* Products */ = {
			isa = PBXGroup;
			children = (
				EB34A9121EA9F58C001E86C5 /* SocketClientDemo */,
			);
			name = Products;
			sourceTree = "<group>";
		};
		EB34A9141EA9F58C001E86C5 /* SocketClientDemo */ = {
			isa = PBXGroup;
			children = (
				EB34A9151EA9F58C001E86C5 /* main.c */,
				EB34A9341EA9F8A5001E86C5 /* uxerror.h */,
				EB34A9311EA9F889001E86C5 /* uxerror.c */,
			);
			path = SocketClientDemo;
			sourceTree = "<group>";
		};
/* End PBXGroup section */

/* Begin PBXNativeTarget section */
		EB34A9111EA9F58C001E86C5 /* SocketClientDemo */ = {
			isa = PBXNativeTarget;
			buildConfigurationList = EB34A9191EA9F58C001E86C5 /* Build configuration list for PBXNativeTarget "SocketClientDemo" */;
			buildPhases = (
				EB34A90E1EA9F58C001E86C5 /* Sources */,
				EB34A90F1EA9F58C001E86C5 /* Frameworks */,
				EB34A9101EA9F58C001E86C5 /* CopyFiles */,
			);
			buildRules = (
			);
			dependencies = (
			);
			name = SocketClientDemo;
			productName = SocketClientDemo;
			productReference = EB34A9121EA9F58C001E86C5 /* SocketClientDemo */;
			productType = "com.apple.product-type.tool";
		};
/* End PBXNativeTarget section */

/* Begin PBXProject section */
		EB34A90A1EA9F58C001E86C5 /* Project object */ = {
			isa = PBXProject;
			attributes = {
				LastUpgradeCheck = 0820;
				ORGANIZATIONNAME = Ace;
				TargetAttributes = {
					EB34A9111EA9F58C001E86C5 = {
						CreatedOnToolsVersion = 8.2.1;
						ProvisioningStyle = Automatic;
					};
				};
			};
			buildConfigurationList = EB34A90D1EA9F58C001E86C5 /* Build configuration list for PBXProject "SocketClientDemo" */;
			compatibilityVersion = "Xcode 3.2";
			developmentRegion = English;
			hasScannedForEncodings = 0;
			knownRegions = (
				en,
			);
			mainGroup = EB34A9091EA9F58C001E86C5;
			productRefGroup = EB34A9131EA9F58C001E86C5 /* Products */;
			projectDirPath = "";
			projectRoot = "";
			targets = (
				EB34A9111EA9F58C001E86C5 /* SocketClientDemo */,
			);
		};
/* End PBXProject section */

/* Begin PBXSourcesBuildPhase section */
		EB34A90E1EA9F58C001E86C5 /* Sources */ = {
			isa = PBXSourcesBuildPhase;
			buildActionMask = 2147483647;
			files = (
				EB34A9161EA9F58C001E86C5 /* main.c in Sources */,
				EB34A9321EA9F889001E86C5 /* uxerror.c in Sources */,
			);
			runOnlyForDeploymentPostprocessing = 0;
		};
/* End PBXSourcesBuildPhase section */

/* Begin XCBuildConfiguration section */
		EB34A9171EA9F58C001E86C5 /* Debug */ = {
			isa = XCBuildConfiguration;
			buildSettings = {
				ALWAYS_SEARCH_USER_PATHS = NO;
				CLANG_ANALYZER_NONNULL = YES;
				CLANG_CXX_LANGUAGE_STANDARD = "gnu++0x";
				CLANG_CXX_LIBRARY = "libc++";
				CLANG_ENABLE_MODULES = YES;
				CLANG_ENABLE_OBJC_ARC = YES;
				CLANG_WARN_BOOL_CONVERSION = YES;
				CLANG_WARN_CONSTANT_CONVERSION = YES;
				CLANG_WARN_DIRECT_OBJC_ISA_USAGE = YES_ERROR;
				CLANG_WARN_DOCUMENTATION_COMMENTS = YES;
				CLANG_WARN_EMPTY_BODY = YES;
				CLANG_WARN_ENUM_CONVERSION = YES;
				CLANG_WARN_INFINITE_RECURSION = YES;
				CLANG_WARN_INT_CONVERSION = YES;
				CLANG_WARN_OBJC_ROOT_CLASS = YES_ERROR;
				CLANG_WARN_SUSPICIOUS_MOVE = YES;
				CLANG_WARN_UNREACHABLE_CODE = YES;
				CLANG_WARN__DUPLICATE_METHOD_MATCH = YES;
				CODE_SIGN_IDENTITY = "-";
				COPY_PHASE_STRIP = NO;
				DEBUG_INFORMATION_FORMAT = dwarf;
				ENABLE_STRICT_OBJC_MSGSEND = YES;
				ENABLE_TESTABILITY = YES;
				GCC_C_LANGUAGE_STANDARD = gnu99;
				GCC_DYNAMIC_NO_PIC = NO;
				GCC_NO_COMMON_BLOCKS = YES;
				GCC_OPTIMIZATION_LEVEL = 0;
				GCC_PREPROCESSOR_DEFINITIONS = (
					"DEBUG=1",
					"$(inherited)",
				);
				GCC_WARN_64_TO_32_BIT_CONVERSION = YES;
				GCC_WARN_ABOUT_RETURN_TYPE = YES_ERROR;
				GCC_WARN_UNDECLARED_SELECTOR = YES;
				GCC_WARN_UNINITIALIZED_AUTOS = YES_AGGRESSIVE;
				GCC_WARN_UNUSED_FUNCTION = YES;
				GCC_WARN_UNUSED_VARIABLE = YES;
				MACOSX_DEPLOYMENT_TARGET = 10.12;
				MTL_ENABLE_DEBUG_INFO = YES;
				ONLY_ACTIVE_ARCH = YES;
				SDKROOT = macosx;
			};
			name = Debug;
		};
		EB34A9181EA9F58C001E86C5 /* Release */ = {
			isa = XCBuildConfiguration;
			buildSettings = {
				ALWAYS_SEARCH_USER_PATHS = NO;
				CLANG_ANALYZER_NONNULL = YES;
				CLANG_CXX_LANGUAGE_STANDARD = "gnu++0x";
				CLANG_CXX_LIBRARY = "libc++";
				CLANG_ENABLE_MODULES = YES;
				CLANG_ENABLE_OBJC_ARC = YES;
				CLANG_WARN_BOOL_CONVERSION = YES;
				CLANG_WARN_CONSTANT_CONVERSION = YES;
				CLANG_WARN_DIRECT_OBJC_ISA_USAGE = YES_ERROR;
				CLANG_WARN_DOCUMENTATION_COMMENTS = YES;
				CLANG_WARN_EMPTY_BODY = YES;
				CLANG_WARN_ENUM_CONVERSION = YES;
				CLANG_WARN_INFINITE_RECURSION = YES;
				CLANG_WARN_INT_CONVERSION = YES;
				CLANG_WARN_OBJC_ROOT_CLASS = YES_ERROR;
				CLANG_WARN_SUSPICIOUS_MOVE = YES;
				CLANG_WARN_UNREACHABLE_CODE = YES;
				CLANG_WARN__DUPLICATE_METHOD_MATCH = YES;
				CODE_SIGN_IDENTITY = "-";
				COPY_PHASE_STRIP = NO;
				DEBUG_INFORMATION_FORMAT = "dwarf-with-dsym";
				ENABLE_NS_ASSERTIONS = NO;
				ENABLE_STRICT_OBJC_MSGSEND = YES;
				GCC_C_LANGUAGE_STANDARD = gnu99;
				GCC_NO_COMMON_BLOCKS = YES;
				GCC_WARN_64_TO_32_BIT_CONVERSION = YES;
				GCC_WARN_ABOUT_RETURN_TYPE = YES_ERROR;
				GCC_WARN_UNDECLARED_SELECTOR = YES;
				GCC_WARN_UNINITIALIZED_AUTOS = YES_AGGRESSIVE;
				GCC_WARN_UNUSED_FUNCTION = YES;
				GCC_WARN_UNUSED_VARIABLE = YES;
				MACOSX_DEPLOYMENT_TARGET = 10.12;
				MTL_ENABLE_DEBUG_INFO = NO;
				SDKROOT = macosx;
			};
			name = Release;
		};
		EB34A91A1EA9F58C001E86C5 /* Debug */ = {
			isa = XCBuildConfiguration;
			buildSettings = {
				PRODUCT_NAME = "$(TARGET_NAME)";
			};
			name = Debug;
		};
		EB34A91B1EA9F58C001E86C5 /* Release */ = {
			isa = XCBuildConfiguration;
			buildSettings = {
				PRODUCT_NAME = "$(TARGET_NAME)";
			};
			name = Release;
		};
/* End XCBuildConfiguration section */

/* Begin XCConfigurationList section */
		EB34A90D1EA9F58C001E86C5 /* Build configuration list for PBXProject "SocketClientDemo" */ = {
			isa = XCConfigurationList;
			buildConfigurations = (
				EB34A9171EA9F58C001E86C5 /* Debug */,
				EB34A9181EA9F58C001E86C5 /* Release */,
			);
			defaultConfigurationIsVisible = 0;
			defaultConfigurationName = Release;
		};
		EB34A9191EA9F58C001E86C5 /* Build configuration list for PBXNativeTarget "SocketClientDemo" */ = {
			isa = XCConfigurationList;
			buildConfigurations = (
				EB34A91A1EA9F58C001E86C5 /* Debug */,
				EB34A91B1EA9F58C001E86C5 /* Release */,
			);
			defaultConfigurationIsVisible = 0;
		};
/* End XCConfigurationList section */
	};
	rootObject = EB34A90A1EA9F58C001E86C5 /* Project object */;
}
